
Microsoft Visual Studio Solution File, Format Version 12.00
# Visual Studio 15
VisualStudioVersion = 15.0.26730.16
MinimumVisualStudioVersion = 10.0.40219.1
Project("{FAE04EC0-301F-11D3-BF4B-00C04F79EFBC}") = "HidDemoWindowsForms", "WindowsForms\HidDemoWindowsForms.csproj", "{16F6C5BD-2B6A-46A1-96E6-7BEB4E0AB5E7}"
EndProject
Project("{FAE04EC0-301F-11D3-BF4B-00C04F79EFBC}") = "HidDemoWpf", "WPF\HidDemoWpf.csproj", "{4D03A54E-0AC7-4B7B-8BC2-33254C454980}"
EndProject
Project("{FAE04EC0-301F-11D3-BF4B-00C04F79EFBC}") = "HidDemoConsole", "Console\HidDemoConsole.csproj", "{42E80EF3-1ACF-413E-9AC0-1D1DAED560FA}"
EndProject
Project("{9A19103F-16F7-4668-BE54-9A1E7A4F7556}") = "HidUtilityNuget", "HidUtilityNuget\HidUtilityNuget.csproj", "{65306590-5C1D-4FCE-BC43-E58B6DD32B8E}"
EndProject
Global
	GlobalSection(SolutionConfigurationPlatforms) = preSolution
		Release|x86 = Release|x86
	EndGlobalSection
	GlobalSection(ProjectConfigurationPlatforms) = postSolution
		{16F6C5BD-2B6A-46A1-96E6-7BEB4E0AB5E7}.Release|x86.ActiveCfg = Release|x86
		{16F6C5BD-2B6A-46A1-96E6-7BEB4E0AB5E7}.Release|x86.Build.0 = Release|x86
		{4D03A54E-0AC7-4B7B-8BC2-33254C454980}.Release|x86.ActiveCfg = Release|x86
		{4D03A54E-0AC7-4B7B-8BC2-33254C454980}.Release|x86.Build.0 = Release|x86
		{42E80EF3-1ACF-413E-9AC0-1D1DAED560FA}.Release|x86.ActiveCfg = Release|x86
		{42E80EF3-1ACF-413E-9AC0-1D1DAED560FA}.Release|x86.Build.0 = Release|x86
		{65306590-5C1D-4FCE-BC43-E58B6DD32B8E}.Release|x86.ActiveCfg = Release|x86
		{65306590-5C1D-4FCE-BC43-E58B6DD32B8E}.Release|x86.Build.0 = Release|x86
	EndGlobalSection
	GlobalSection(SolutionProperties) = preSolution
		HideSolutionNode = FALSE
	EndGlobalSection
	GlobalSection(ExtensibilityGlobals) = postSolution
		SolutionGuid = {B38E5B7C-10A9-45B8-AE8E-ACFB11590AB9}
	EndGlobalSection
EndGlobal
